
Microsoft Visual Studio Solution File, Format Version 12.00
# Visual Studio 2013
VisualStudioVersion = 12.0.31101.0
MinimumVisualStudioVersion = 10.0.40219.1
Project("{FAE04EC0-301F-11D3-BF4B-00C04F79EFBC}") = "NuGet.Selkie.NUnit.Extensions", "NuGet.Selkie.NUnit.Extensions\NuGet.Selkie.NUnit.Extensions.csproj", "{0451BAEF-DF2E-4B98-8644-94EE9415E389}"
EndProject
Project("{FAE04EC0-301F-11D3-BF4B-00C04F79EFBC}") = "Selkie.NUnit.Extensions", "Selkie.NUnit.Extensions\Selkie.NUnit.Extensions.csproj", "{20D0E205-5AAF-42B0-BDBC-D1EA8DF1B104}"
EndProject
Project("{FAE04EC0-301F-11D3-BF4B-00C04F79EFBC}") = "Selkie.NUnit.Extensions.Tests", "Selkie.NUnit.Extensions.Tests\Selkie.NUnit.Extensions.Tests.csproj", "{189286A5-A1B3-426F-979D-2CBF9E8522BB}"
EndProject
Global
	GlobalSection(SolutionConfigurationPlatforms) = preSolution
		Debug|Any CPU = Debug|Any CPU
		Release|Any CPU = Release|Any CPU
	EndGlobalSection
	GlobalSection(ProjectConfigurationPlatforms) = postSolution
		{0451BAEF-DF2E-4B98-8644-94EE9415E389}.Debug|Any CPU.ActiveCfg = Debug|Any CPU
		{0451BAEF-DF2E-4B98-8644-94EE9415E389}.Debug|Any CPU.Build.0 = Debug|Any CPU
		{0451BAEF-DF2E-4B98-8644-94EE9415E389}.Release|Any CPU.ActiveCfg = Release|Any CPU
		{0451BAEF-DF2E-4B98-8644-94EE9415E389}.Release|Any CPU.Build.0 = Release|Any CPU
		{20D0E205-5AAF-42B0-BDBC-D1EA8DF1B104}.Debug|Any CPU.ActiveCfg = Debug|Any CPU
		{20D0E205-5AAF-42B0-BDBC-D1EA8DF1B104}.Debug|Any CPU.Build.0 = Debug|Any CPU
		{20D0E205-5AAF-42B0-BDBC-D1EA8DF1B104}.Release|Any CPU.ActiveCfg = Release|Any CPU
		{20D0E205-5AAF-42B0-BDBC-D1EA8DF1B104}.Release|Any CPU.Build.0 = Release|Any CPU
		{189286A5-A1B3-426F-979D-2CBF9E8522BB}.Debug|Any CPU.ActiveCfg = Debug|Any CPU
		{189286A5-A1B3-426F-979D-2CBF9E8522BB}.Debug|Any CPU.Build.0 = Debug|Any CPU
		{189286A5-A1B3-426F-979D-2CBF9E8522BB}.Release|Any CPU.ActiveCfg = Release|Any CPU
		{189286A5-A1B3-426F-979D-2CBF9E8522BB}.Release|Any CPU.Build.0 = Release|Any CPU
	EndGlobalSection
	GlobalSection(SolutionProperties) = preSolution
		HideSolutionNode = FALSE
	EndGlobalSection
EndGlobal
